{"data":"ew0KICAibmFtZSI6ICJ0ZW5hY2lvdXMtc3RhdHMtZGFzaGJvYXJkIiwNCiAgInZlcnNpb24iOiAiMS4wLjAiLA0KICAibG9ja2ZpbGVWZXJzaW9uIjogMywNCiAgInJlcXVpcmVzIjogdHJ1ZSwNCiAgInBhY2thZ2VzIjogew0KICAgICIiOiB7DQogICAgICAibmFtZSI6ICJ0ZW5hY2lvdXMtc3RhdHMtZGFzaGJvYXJkIiwNCiAgICAgICJ2ZXJzaW9uIjogIjEuMC4wIiwNCiAgICAgICJkZXZEZXBlbmRlbmNpZXMiOiB7DQogICAgICAgICJodHRwLXNlcnZlciI6ICJeMTQuMS4xIg0KICAgICAgfQ0KICAgIH0sDQogICAgIm5vZGVfbW9kdWxlcy9hbnNpLXN0eWxlcyI6IHsNCiAgICAgICJ2ZXJzaW9uIjogIjQuMy4wIiwNCiAgICAgICJyZXNvbHZlZCI6ICJodHRwczovL3JlZ2lzdHJ5Lm5wbWpzLm9yZy9hbnNpLXN0eWxlcy8tL2Fuc2ktc3R5bGVzLTQuMy4wLnRneiIsDQogICAgICAiaW50ZWdyaXR5IjogInNoYTUxMi16YkI5ckNKQVQxcmJqaVZEYjJocUtGSE5ZTHhndGs4TlVSeFozSVp3RDNGNk50eGJYWlFDbm5TaTFMa3grSURvaGRQbEZwMjIyd1ZBTEloZVpKUVNFZz09IiwNCiAgICAgICJkZXYiOiB0cnVlLA0KICAgICAgImRlcGVuZGVuY2llcyI6IHsNCiAgICAgICAgImNvbG9yLWNvbnZlcnQiOiAiXjIuMC4xIg0KICAgICAgfSwNCiAgICAgICJlbmdpbmVzIjogew0KICAgICAgICAibm9kZSI6ICI+PTgiDQogICAgICB9LA0KICAgICAgImZ1bmRpbmciOiB7DQogICAgICAgICJ1cmwiOiAiaHR0cHM6Ly9naXRodWIuY29tL2NoYWxrL2Fuc2ktc3R5bGVzP3Nwb25zb3I9MSINCiAgICAgIH0NCiAgICB9LA0KICAgICJub2RlX21vZHVsZXMvYXN5bmMiOiB7DQogICAgICAidmVyc2lvbiI6ICIzLjIuNiIsDQogICAgICAicmVzb2x2ZWQiOiAiaHR0cHM6Ly9yZWdpc3RyeS5ucG1qcy5vcmcvYXN5bmMvLS9hc3luYy0zLjIuNi50Z3oiLA0KICAgICAgImludGVncml0eSI6ICJzaGE1MTItaHRDVURseHl5Q0xNZ2FNM3hYZzBDMExXMnhxZnVRNnAwNXBDRUlzWHV5USthMWtvWUtUdUJNelJOd215YmZMZ3ZKRE1kMHIxTFRuNCtFMFRpNkMyQUE9PSIsDQogICAgICAiZGV2IjogdHJ1ZQ0KICAgIH0sDQogICAgIm5vZGVfbW9kdWxlcy9iYXNpYy1hdXRoIjogew0KICAgICAgInZlcnNpb24iOiAiMi4wLjEiLA0KICAgICAgInJlc29sdmVkIjogImh0dHBzOi8vcmVnaXN0cnkubnBtanMub3JnL2Jhc2ljLWF1dGgvLS9iYXNpYy1hdXRoLTIuMC4xLnRneiIsDQogICAgICAiaW50ZWdyaXR5IjogInNoYTUxMi1ORitlcHVFZG5VWVZsR3VoYXhiYnErZHZKdHR3TG5HWStZaXhsWGxNRTVLcFE1VzNDblhBNWNWVG5lWTNTUGJQRFJrY2pNYmlmcndtRlljQ2xnT1plZz09IiwNCiAgICAgICJkZXYiOiB0cnVlLA0KICAgICAgImRlcGVuZGVuY2llcyI6IHsNCiAgICAgICAgInNhZmUtYnVmZmVyIjogIjUuMS4yIg0KICAgICAgfSwNCiAgICAgICJlbmdpbmVzIjogew0KICAgICAgICAibm9kZSI6ICI+PSAwLjgiDQogICAgICB9DQogICAgfSwNCiAgICAibm9kZV9tb2R1bGVzL2NhbGwtYmluZC1hcHBseS1oZWxwZXJzIjogew0KICAgICAgInZlcnNpb24iOiAiMS4wLjIiLA0KICAgICAgInJlc29sdmVkIjogImh0dHBzOi8vcmVnaXN0cnkubnBtanMub3JnL2NhbGwtYmluZC1hcHBseS1oZWxwZXJzLy0vY2FsbC1iaW5kLWFwcGx5LWhlbHBlcnMtMS4wLjIudGd6IiwNCiAgICAgICJpbnRlZ3JpdHkiOiAic2hhNTEyLVNwMWFibEowaXZEa1N6amNhSmR4RXVuTjUvWHZrc0ZKMnNNQkZmcTZ4MHJ5aFFWLzJiL0t3RmUyMWNNcG1IdFBPU2lqOEs5OS93U2ZvRXVUT2JtdU1RPT0iLA0KICAgICAgImRldiI6IHRydWUsDQogICAgICAiZGVwZW5kZW5jaWVzIjogew0KICAgICAgICAiZXMtZXJyb3JzIjogIl4xLjMuMCIsDQogICAgICAgICJmdW5jdGlvbi1iaW5kIjogIl4xLjEuMiINCiAgICAgIH0sDQogICAgICAiZW5naW5lcyI6IHsNCiAgICAgICAgIm5vZGUiOiAiPj0gMC40Ig0KICAgICAgfQ0KICAgIH0sDQogICAgIm5vZGVfbW9kdWxlcy9jYWxsLWJvdW5kIjogew0KICAgICAgInZlcnNpb24iOiAiMS4wLjQiLA0KICAgICAgInJlc29sdmVkIjogImh0dHBzOi8vcmVnaXN0cnkubnBtanMub3JnL2NhbGwtYm91bmQvLS9jYWxsLWJvdW5kLTEuMC40LnRneiIsDQogICAgICAiaW50ZWdyaXR5IjogInNoYTUxMi0reXM5OTdVOTZwbzRLeC9BQnBCQ3FoQTlFdXhKYVFXRFFnNzI5NUg0aEJwaHYzSVpnMGJvQkt1d1lwdDRZWHA2TVo1QW1aUW5VL3R5TVRsUnBhU2VqZz09IiwNCiAgICAgICJkZXYiOiB0cnVlLA0KICAgICAgImRlcGVuZGVuY2llcyI6IHsNCiAgICAgICAgImNhbGwtYmluZC1hcHBseS1oZWxwZXJzIjogIl4xLjAuMiIsDQogICAgICAgICJnZXQtaW50cmluc2ljIjogIl4xLjMuMCINCiAgICAgIH0sDQogICAgICAiZW5naW5lcyI6IHsNCiAgICAgICAgIm5vZGUiOiAiPj0gMC40Ig0KICAgICAgfSwNCiAgICAgICJmdW5kaW5nIjogew0KICAgICAgICAidXJsIjogImh0dHBzOi8vZ2l0aHViLmNvbS9zcG9uc29ycy9samhhcmIiDQogICAgICB9DQogICAgfSwNCiAgICAibm9kZV9tb2R1bGVzL2NoYWxrIjogew0KICAgICAgInZlcnNpb24iOiAiNC4xLjIiLA0KICAgICAgInJlc29sdmVkIjogImh0dHBzOi8vcmVnaXN0cnkubnBtanMub3JnL2NoYWxrLy0vY2hhbGstNC4xLjIudGd6IiwNCiAgICAgICJpbnRlZ3JpdHkiOiAic2hhNTEyLW9LbmJoRnlSSVhwVXVlejhpQk1teUVhNG5iajRJT1F5dWhjL3d5OWtZNy9XVlBjd0lPOVZBNjY4UHU4UmtPNyswRzc2U0xST2V5dzlDcFEwNjFpNG1BPT0iLA0KICAgICAgImRldiI6IHRydWUsDQogICAgICAiZGVwZW5kZW5jaWVzIjogew0KICAgICAgICAiYW5zaS1zdHlsZXMiOiAiXjQuMS4wIiwNCiAgICAgICAgInN1cHBvcnRzLWNvbG9yIjogIl43LjEuMCINCiAgICAgIH0sDQogICAgICAiZW5naW5lcyI6IHsNCiAgICAgICAgIm5vZGUiOiAiPj0xMCINCiAgICAgIH0sDQogICAgICAiZnVuZGluZyI6IHsNCiAgICAgICAgInVybCI6ICJodHRwczovL2dpdGh1Yi5jb20vY2hhbGsvY2hhbGs/c3BvbnNvcj0xIg0KICAgICAgfQ0KICAgIH0sDQogICAgIm5vZGVfbW9kdWxlcy9jb2xvci1jb252ZXJ0Ijogew0KICAgICAgInZlcnNpb24iOiAiMi4wLjEiLA0KICAgICAgInJlc29sdmVkIjogImh0dHBzOi8vcmVnaXN0cnkubnBtanMub3JnL2NvbG9yLWNvbnZlcnQvLS9jb2xvci1jb252ZXJ0LTIuMC4xLnRneiIsDQogICAgICAiaW50ZWdyaXR5IjogInNoYTUxMi1SUkVDUHNqN2l1L3hiNW9LWWNzRkhTcHBGTm5zai81Mk9WVFJLYjR6UDVvblh3VkYzelZtbVRvTmNPZkdDK0NSRHBmSy9VNTg0Zk1nMzhaSENhRWxLUT09IiwNCiAgICAgICJkZXYiOiB0cnVlLA0KICAgICAgImRlcGVuZGVuY2llcyI6IHsNCiAgICAgICAgImNvbG9yLW5hbWUiOiAifjEuMS40Ig0KICAgICAgfSwNCiAgICAgICJlbmdpbmVzIjogew0KICAgICAgICAibm9kZSI6ICI+PTcuMC4wIg0KICAgICAgfQ0KICAgIH0sDQogICAgIm5vZGVfbW9kdWxlcy9jb2xvci1uYW1lIjogew0KICAgICAgInZlcnNpb24iOiAiMS4xLjQiLA0KICAgICAgInJlc29sdmVkIjogImh0dHBzOi8vcmVnaXN0cnkubnBtanMub3JnL2NvbG9yLW5hbWUvLS9jb2xvci1uYW1lLTEuMS40LnRneiIsDQogICAgICAiaW50ZWdyaXR5IjogInNoYTUxMi1kT3krM0F1VzNhMndOYlpISXVNWnBUY2dqR3VMVS91QkwvdWJjWkY5T1hiRG84ZmY0Tzh5VnA1QmYwZWZTOHVFb1lvNXE0Rng3ZFk5T2dRR1hnQXNRQT09IiwNCiAgICAgICJkZXYiOiB0cnVlDQogICAgfSwNCiAgICAibm9kZV9tb2R1bGVzL2NvcnNlciI6IHsNCiAgICAgICJ2ZXJzaW9uIjogIjIuMC4xIiwNCiAgICAgICJyZXNvbHZlZCI6ICJodHRwczovL3JlZ2lzdHJ5Lm5wbWpzLm9yZy9jb3JzZXIvLS9jb3JzZXItMi4wLjEudGd6IiwNCiAgICAgICJpbnRlZ3JpdHkiOiAic2hhNTEyLXV0Q1lOelJTUUlaTlBJY0daZFFjOTJVVkpZQWh0R0F0ZUNGZzB5UmFGbThmMFArQ1B0eUd5SFhKY0dYbmZmakN5YlVDRXgzRlEyRzdVMy9vOWVJa1ZRPT0iLA0KICAgICAgImRldiI6IHRydWUsDQogICAgICAiZW5naW5lcyI6IHsNCiAgICAgICAgIm5vZGUiOiAiPj0gMC40LjAiDQogICAgICB9DQogICAgfSwNCiAgICAibm9kZV9tb2R1bGVzL2RlYnVnIjogew0KICAgICAgInZlcnNpb24iOiAiNC40LjMiLA0KICAgICAgInJlc29sdmVkIjogImh0dHBzOi8vcmVnaXN0cnkubnBtanMub3JnL2RlYnVnLy0vZGVidWctNC40LjMudGd6IiwNCiAgICAgICJpbnRlZ3JpdHkiOiAic2hhNTEyLVJHd3dXbndRdmtWZmF2S1Z0MjJGR0x3K3hZU2R6QVJ3bTBydTZEaFRWQTN1bVU1aFpjMjhWM2tPNHN0Z1lyeXJUbExwdXZnSTlHaWlqbHRBak5iY3FBPT0iLA0KICAgICAgImRldiI6IHRydWUsDQogICAgICAiZGVwZW5kZW5jaWVzIjogew0KICAgICAgICAibXMiOiAiXjIuMS4zIg0KICAgICAgfSwNCiAgICAgICJlbmdpbmVzIjogew0KICAgICAgICAibm9kZSI6ICI+PTYuMCINCiAgICAgIH0sDQogICAgICAicGVlckRlcGVuZGVuY2llc01ldGEiOiB7DQogICAgICAgICJzdXBwb3J0cy1jb2xvciI6IHsNCiAgICAgICAgICAib3B0aW9uYWwiOiB0cnVlDQogICAgICAgIH0NCiAgICAgIH0NCiAgICB9LA0KICAgICJub2RlX21vZHVsZXMvZHVuZGVyLXByb3RvIjogew0KICAgICAgInZlcnNpb24iOiAiMS4wLjEiLA0KICAgICAgInJlc29sdmVkIjogImh0dHBzOi8vcmVnaXN0cnkubnBtanMub3JnL2R1bmRlci1wcm90by8tL2R1bmRlci1wcm90by0xLjAuMS50Z3oiLA0KICAgICAgImludGVncml0eSI6ICJzaGE1MTItS0lOL25ESkJRUmNYdzBNTFZoWkU5aVFIbUc2OHFBVklCZzlDcW1VWWptUUloZ2lqOVU1TUZ2cnFrVUw1RmJ0eXl6WnVPZU90MHpkZVJlNFVZN2N0K0E9PSIsDQogICAgICAiZGV2IjogdHJ1ZSwNCiAgICAgICJkZXBlbmRlbmNpZXMiOiB7DQogICAgICAgICJjYWxsLWJpbmQtYXBwbHktaGVscGVycyI6ICJeMS4wLjEiLA0KICAgICAgICAiZXMtZXJyb3JzIjogIl4xLjMuMCIsDQogICAgICAgICJnb3BkIjogIl4xLjIuMCINCiAgICAgIH0sDQogICAgICAiZW5naW5lcyI6IHsNCiAgICAgICAgIm5vZGUiOiAiPj0gMC40Ig0KICAgICAgfQ0KICAgIH0sDQogICAgIm5vZGVfbW9kdWxlcy9lcy1kZWZpbmUtcHJvcGVydHkiOiB7DQogICAgICAidmVyc2lvbiI6ICIxLjAuMSIsDQogICAgICAicmVzb2x2ZWQiOiAiaHR0cHM6Ly9yZWdpc3RyeS5ucG1qcy5vcmcvZXMtZGVmaW5lLXByb3BlcnR5Ly0vZXMtZGVmaW5lLXByb3BlcnR5LTEuMC4xLnRneiIsDQogICAgICAiaW50ZWdyaXR5IjogInNoYTUxMi1lM25SZmdmVVo0ck5HTDIzMmdVZ1gwNlFOeXllejA0S2RqRnJGK0xUUm9PWG1yT2dGS0RnNEJDZHNqVzhFblQ2OWVxZFlHbVJwSndpUFZZTnJDYVczZz09IiwNCiAgICAgICJkZXYiOiB0cnVlLA0KICAgICAgImVuZ2luZXMiOiB7DQogICAgICAgICJub2RlIjogIj49IDAuNCINCiAgICAgIH0NCiAgICB9LA0KICAgICJub2RlX21vZHVsZXMvZXMtZXJyb3JzIjogew0KICAgICAgInZlcnNpb24iOiAiMS4zLjAiLA0KICAgICAgInJlc29sdmVkIjogImh0dHBzOi8vcmVnaXN0cnkubnBtanMub3JnL2VzLWVycm9ycy8tL2VzLWVycm9ycy0xLjMuMC50Z3oiLA0KICAgICAgImludGVncml0eSI6ICJzaGE1MTItWmY1SDJLeHQyeGpUdmJKdlAyWldMRUlDeEE2aitoQW1NeklseXB5NHhjQmcxdktWbng4OVd5MEdiUytrZjVjd0NWRkZ6ZENGaDJYU0NGTlVMUzZjc3c9PSIsDQogICAgICAiZGV2IjogdHJ1ZSwNCiAgICAgICJlbmdpbmVzIjogew0KICAgICAgICAibm9kZSI6ICI+PSAwLjQiDQogICAgICB9DQogICAgfSwNCiAgICAibm9kZV9tb2R1bGVzL2VzLW9iamVjdC1hdG9tcyI6IHsNCiAgICAgICJ2ZXJzaW9uIjogIjEuMS4xIiwNCiAgICAgICJyZXNvbHZlZCI6ICJodHRwczovL3JlZ2lzdHJ5Lm5wbWpzLm9yZy9lcy1vYmplY3QtYXRvbXMvLS9lcy1vYmplY3QtYXRvbXMtMS4xLjEudGd6IiwNCiAgICAgICJpbnRlZ3JpdHkiOiAic2hhNTEyLUZHZ0gyaDh6S05pbTlsamo3ZGFua0ZQY0lDSUs5Q3A1Ym0rYzJnUVNZZVBocGFHNStlc3JMT0RpaElvcm4rUGU2RkdKeldoWFFvdFB2NzNqVGFsZFhBPT0iLA0KICAgICAgImRldiI6IHRydWUsDQogICAgICAiZGVwZW5kZW5jaWVzIjogew0KICAgICAgICAiZXMtZXJyb3JzIjogIl4xLjMuMCINCiAgICAgIH0sDQogICAgICAiZW5naW5lcyI6IHsNCiAgICAgICAgIm5vZGUiOiAiPj0gMC40Ig0KICAgICAgfQ0KICAgIH0sDQogICAgIm5vZGVfbW9kdWxlcy9ldmVudGVtaXR0ZXIzIjogew0KICAgICAgInZlcnNpb24iOiAiNC4wLjciLA0KICAgICAgInJlc29sdmVkIjogImh0dHBzOi8vcmVnaXN0cnkubnBtanMub3JnL2V2ZW50ZW1pdHRlcjMvLS9ldmVudGVtaXR0ZXIzLTQuMC43LnRneiIsDQogICAgICAiaW50ZWdyaXR5IjogInNoYTUxMi04Z3VIQlpDd0tuRmhZZEhyMnlzdVJXRXJUd2hvTjJYOFhFTFJsclJ3cG1mZVkyamp1VU40dGFRTXNVTEtVVm8xSzREdlpsKzBwZ2Z5b3lzSHh2bXZFdz09IiwNCiAgICAgICJkZXYiOiB0cnVlDQogICAgfSwNCiAgICAibm9kZV9tb2R1bGVzL2ZvbGxvdy1yZWRpcmVjdHMiOiB7DQogICAgICAidmVyc2lvbiI6ICIxLjE1LjExIiwNCiAgICAgICJyZXNvbHZlZCI6ICJodHRwczovL3JlZ2lzdHJ5Lm5wbWpzLm9yZy9mb2xsb3ctcmVkaXJlY3RzLy0vZm9sbG93LXJlZGlyZWN0cy0xLjE1LjExLnRneiIsDQogICAgICAiaW50ZWdyaXR5IjogInNoYTUxMi1kZUcyUDBKZmpyVHhsNTBYR0NEeWZJOTdaR1ZDeElwZktZbWZ5clE1NG41Rk8vMGdmSUVTOEMvUHNsNmtXVkRvbGl6Y2FheFpKblRTMFFTTXh2bnNCUT09IiwNCiAgICAgICJkZXYiOiB0cnVlLA0KICAgICAgImZ1bmRpbmciOiBbDQogICAgICAgIHsNCiAgICAgICAgICAidHlwZSI6ICJpbmRpdmlkdWFsIiwNCiAgICAgICAgICAidXJsIjogImh0dHBzOi8vZ2l0aHViLmNvbS9zcG9uc29ycy9SdWJlblZlcmJvcmdoIg0KICAgICAgICB9DQogICAgICBdLA0KICAgICAgImVuZ2luZXMiOiB7DQogICAgICAgICJub2RlIjogIj49NC4wIg0KICAgICAgfSwNCiAgICAgICJwZWVyRGVwZW5kZW5jaWVzTWV0YSI6IHsNCiAgICAgICAgImRlYnVnIjogew0KICAgICAgICAgICJvcHRpb25hbCI6IHRydWUNCiAgICAgICAgfQ0KICAgICAgfQ0KICAgIH0sDQogICAgIm5vZGVfbW9kdWxlcy9mdW5jdGlvbi1iaW5kIjogew0KICAgICAgInZlcnNpb24iOiAiMS4xLjIiLA0KICAgICAgInJlc29sdmVkIjogImh0dHBzOi8vcmVnaXN0cnkubnBtanMub3JnL2Z1bmN0aW9uLWJpbmQvLS9mdW5jdGlvbi1iaW5kLTEuMS4yLnRneiIsDQogICAgICAiaW50ZWdyaXR5IjogInNoYTUxMi03WEhOeEg3cVg5eEc1bUl3eGtodW1Ub3gvTUlSTmNPZ0RyeFdzTXQycEFyMjNXSHA2TXJSbE43RkJTRnBDcHIrb1ZPMEY3NDRpVWdSODJuSk1mRzJTQT09IiwNCiAgICAgICJkZXYiOiB0cnVlLA0KICAgICAgImZ1bmRpbmciOiB7DQogICAgICAgICJ1cmwiOiAiaHR0cHM6Ly9naXRodWIuY29tL3Nwb25zb3JzL2xqaGFyYiINCiAgICAgIH0NCiAgICB9LA0KICAgICJub2RlX21vZHVsZXMvZ2V0LWludHJpbnNpYyI6IHsNCiAgICAgICJ2ZXJzaW9uIjogIjEuMy4wIiwNCiAgICAgICJyZXNvbHZlZCI6ICJodHRwczovL3JlZ2lzdHJ5Lm5wbWpzLm9yZy9nZXQtaW50cmluc2ljLy0vZ2V0LWludHJpbnNpYy0xLjMuMC50Z3oiLA0KICAgICAgImludGVncml0eSI6ICJzaGE1MTItOWZTalNhb3MvZlJJVklwK3hTSmxFNmxmd2hFUzdMTnRLYUNCSWFtSHNqcjJuYTFCaUFCSlBvMG1Pamp6OEdKRFVSYXJtQ1BHcWFpVmc1bWZqYjk4Q1E9PSIsDQogICAgICAiZGV2IjogdHJ1ZSwNCiAgICAgICJkZXBlbmRlbmNpZXMiOiB7DQogICAgICAgICJjYWxsLWJpbmQtYXBwbHktaGVscGVycyI6ICJeMS4wLjIiLA0KICAgICAgICAiZXMtZGVmaW5lLXByb3BlcnR5IjogIl4xLjAuMSIsDQogICAgICAgICJlcy1lcnJvcnMiOiAiXjEuMy4wIiwNCiAgICAgICAgImVzLW9iamVjdC1hdG9tcyI6ICJeMS4xLjEiLA0KICAgICAgICAiZnVuY3Rpb24tYmluZCI6ICJeMS4xLjIiLA0KICAgICAgICAiZ2V0LXByb3RvIjogIl4xLjAuMSIsDQogICAgICAgICJnb3BkIjogIl4xLjIuMCIsDQogICAgICAgICJoYXMtc3ltYm9scyI6ICJeMS4xLjAiLA0KICAgICAgICAiaGFzb3duIjogIl4yLjAuMiIsDQogICAgICAgICJtYXRoLWludHJpbnNpY3MiOiAiXjEuMS4wIg0KICAgICAgfSwNCiAgICAgICJlbmdpbmVzIjogew0KICAgICAgICAibm9kZSI6ICI+PSAwLjQiDQogICAgICB9LA0KICAgICAgImZ1bmRpbmciOiB7DQogICAgICAgICJ1cmwiOiAiaHR0cHM6Ly9naXRodWIuY29tL3Nwb25zb3JzL2xqaGFyYiINCiAgICAgIH0NCiAgICB9LA0KICAgICJub2RlX21vZHVsZXMvZ2V0LXByb3RvIjogew0KICAgICAgInZlcnNpb24iOiAiMS4wLjEiLA0KICAgICAgInJlc29sdmVkIjogImh0dHBzOi8vcmVnaXN0cnkubnBtanMub3JnL2dldC1wcm90by8tL2dldC1wcm90by0xLjAuMS50Z3oiLA0KICAgICAgImludGVncml0eSI6ICJzaGE1MTItc1RTZkJqb1hCcDg5SnZJS0llZnF3N1UyQ0NlYnNjNzRraVk2YXdpR29nS3RvU0diZ2pZRS9HLytsOXNGM01XRlBOYzlJY29PQzRPRGZLSGZ4Rm1wMGc9PSIsDQogICAgICAiZGV2IjogdHJ1ZSwNCiAgICAgICJkZXBlbmRlbmNpZXMiOiB7DQogICAgICAgICJkdW5kZXItcHJvdG8iOiAiXjEuMC4xIiwNCiAgICAgICAgImVzLW9iamVjdC1hdG9tcyI6ICJeMS4wLjAiDQogICAgICB9LA0KICAgICAgImVuZ2luZXMiOiB7DQogICAgICAgICJub2RlIjogIj49IDAuNCINCiAgICAgIH0NCiAgICB9LA0KICAgICJub2RlX21vZHVsZXMvZ29wZCI6IHsNCiAgICAgICJ2ZXJzaW9uIjogIjEuMi4wIiwNCiAgICAgICJyZXNvbHZlZCI6ICJodHRwczovL3JlZ2lzdHJ5Lm5wbWpzLm9yZy9nb3BkLy0vZ29wZC0xLjIuMC50Z3oiLA0KICAgICAgImludGVncml0eSI6ICJzaGE1MTItWlVLUmg2L2tVRm9BaVRBdFRZUFpKM2h3OXdOeHgrQklCT2lqbmxHOVBuckpzQ2NTanMxd3l5RDZ2SnBhWXRnbnpEcktZUlNxZjNPTzZSZmE5M3hzUmc9PSIsDQogICAgICAiZGV2IjogdHJ1ZSwNCiAgICAgICJlbmdpbmVzIjogew0KICAgICAgICAibm9kZSI6ICI+PSAwLjQiDQogICAgICB9LA0KICAgICAgImZ1bmRpbmciOiB7DQogICAgICAgICJ1cmwiOiAiaHR0cHM6Ly9naXRodWIuY29tL3Nwb25zb3JzL2xqaGFyYiINCiAgICAgIH0NCiAgICB9LA0KICAgICJub2RlX21vZHVsZXMvaGFzLWZsYWciOiB7DQogICAgICAidmVyc2lvbiI6ICI0LjAuMCIsDQogICAgICAicmVzb2x2ZWQiOiAiaHR0cHM6Ly9yZWdpc3RyeS5ucG1qcy5vcmcvaGFzLWZsYWcvLS9oYXMtZmxhZy00LjAuMC50Z3oiLA0KICAgICAgImludGVncml0eSI6ICJzaGE1MTItRXlrSlQvUTFLalRXY3RwcGdJQWdmU08wdEtWdVpVamhnTXIxN2txVHVtTWw2QWZ2M0VJU2xlVTdxWlV6b1hERlRBSFREQzROT29HL1p4VTNFdmxNUFE9PSIsDQogICAgICAiZGV2IjogdHJ1ZSwNCiAgICAgICJlbmdpbmVzIjogew0KICAgICAgICAibm9kZSI6ICI+PTgiDQogICAgICB9DQogICAgfSwNCiAgICAibm9kZV9tb2R1bGVzL2hhcy1zeW1ib2xzIjogew0KICAgICAgInZlcnNpb24iOiAiMS4xLjAiLA0KICAgICAgInJlc29sdmVkIjogImh0dHBzOi8vcmVnaXN0cnkubnBtanMub3JnL2hhcy1zeW1ib2xzLy0vaGFzLXN5bWJvbHMtMS4xLjAudGd6IiwNCiAgICAgICJpbnRlZ3JpdHkiOiAic2hhNTEyLTFjRE5kd0oySmFvaG1iM3NnNE9tS2FNQnd1QzQ4c1luaTVIVXcyRHZzQzhMakdUTEs5aCtlYjFYNlJ5dU9IZTRoVDBVTENXNjhpb21oalVvS1VxbFBRPT0iLA0KICAgICAgImRldiI6IHRydWUsDQogICAgICAiZW5naW5lcyI6IHsNCiAgICAgICAgIm5vZGUiOiAiPj0gMC40Ig0KICAgICAgfSwNCiAgICAgICJmdW5kaW5nIjogew0KICAgICAgICAidXJsIjogImh0dHBzOi8vZ2l0aHViLmNvbS9zcG9uc29ycy9samhhcmIiDQogICAgICB9DQogICAgfSwNCiAgICAibm9kZV9tb2R1bGVzL2hhc293biI6IHsNCiAgICAgICJ2ZXJzaW9uIjogIjIuMC4yIiwNCiAgICAgICJyZXNvbHZlZCI6ICJodHRwczovL3JlZ2lzdHJ5Lm5wbWpzLm9yZy9oYXNvd24vLS9oYXNvd24tMi4wLjIudGd6IiwNCiAgICAgICJpbnRlZ3JpdHkiOiAic2hhNTEyLTBoSlU5U0NQdm1NeklCZFpGcU5QWFdhNmRxaDdXZEgwY0lJOXkrQ3lTOHJHM25MNDhCY2xyYTlIbUtoVlZVSHlQV05INVk3eER3QUI3YmZnU2prVU1RPT0iLA0KICAgICAgImRldiI6IHRydWUsDQogICAgICAiZGVwZW5kZW5jaWVzIjogew0KICAgICAgICAiZnVuY3Rpb24tYmluZCI6ICJeMS4xLjIiDQogICAgICB9LA0KICAgICAgImVuZ2luZXMiOiB7DQogICAgICAgICJub2RlIjogIj49IDAuNCINCiAgICAgIH0NCiAgICB9LA0KICAgICJub2RlX21vZHVsZXMvaGUiOiB7DQogICAgICAidmVyc2lvbiI6ICIxLjIuMCIsDQogICAgICAicmVzb2x2ZWQiOiAiaHR0cHM6Ly9yZWdpc3RyeS5ucG1qcy5vcmcvaGUvLS9oZS0xLjIuMC50Z3oiLA0KICAgICAgImludGVncml0eSI6ICJzaGE1MTItRi8xRG5VR1BvcE9SWmkwbmkrQ3ZyQ2dIUTVGeUVBSFJMU0FwdVlXTW1yYlN3b04yTW4vN2srR2wzOGdKblI3eXlEWms2V0xYd2lHb2QxSk9XTkRLR3c9PSIsDQogICAgICAiZGV2IjogdHJ1ZSwNCiAgICAgICJiaW4iOiB7DQogICAgICAgICJoZSI6ICJiaW4vaGUiDQogICAgICB9DQogICAgfSwNCiAgICAibm9kZV9tb2R1bGVzL2h0bWwtZW5jb2Rpbmctc25pZmZlciI6IHsNCiAgICAgICJ2ZXJzaW9uIjogIjMuMC4wIiwNCiAgICAgICJyZXNvbHZlZCI6ICJodHRwczovL3JlZ2lzdHJ5Lm5wbWpzLm9yZy9odG1sLWVuY29kaW5nLXNuaWZmZXIvLS9odG1sLWVuY29kaW5nLXNuaWZmZXItMy4wLjAudGd6IiwNCiAgICAgICJpbnRlZ3JpdHkiOiAic2hhNTEyLW9XdjRUNHlKNTJpS3J1ZmpueVpQa3JOMENIM1FuclVxZEI2SW4xZzVGZTFtaWE4R21GMzZnbmZOeVN4b1p0eEQ1K05tWXcxRUVsVlhpQms5M1Vlc2tBPT0iLA0KICAgICAgImRldiI6IHRydWUsDQogICAgICAiZGVwZW5kZW5jaWVzIjogew0KICAgICAgICAid2hhdHdnLWVuY29kaW5nIjogIl4yLjAuMCINCiAgICAgIH0sDQogICAgICAiZW5naW5lcyI6IHsNCiAgICAgICAgIm5vZGUiOiAiPj0xMiINCiAgICAgIH0NCiAgICB9LA0KICAgICJub2RlX21vZHVsZXMvaHR0cC1wcm94eSI6IHsNCiAgICAgICJ2ZXJzaW9uIjogIjEuMTguMSIsDQogICAgICAicmVzb2x2ZWQiOiAiaHR0cHM6Ly9yZWdpc3RyeS5ucG1qcy5vcmcvaHR0cC1wcm94eS8tL2h0dHAtcHJveHktMS4xOC4xLnRneiIsDQogICAgICAiaW50ZWdyaXR5IjogInNoYTUxMi03bXovNzIxQWJuSndJVmJuYVN2MUN6M0FtMFpMVC9VQndrQzkyVmx4aFh2L2svQkJRZk0yZlhFbFFOQzI3QlZHcjB1d1VwcGxZUFFNOUxuYUJNUjVOUT09IiwNCiAgICAgICJkZXYiOiB0cnVlLA0KICAgICAgImRlcGVuZGVuY2llcyI6IHsNCiAgICAgICAgImV2ZW50ZW1pdHRlcjMiOiAiXjQuMC4wIiwNCiAgICAgICAgImZvbGxvdy1yZWRpcmVjdHMiOiAiXjEuMC4wIiwNCiAgICAgICAgInJlcXVpcmVzLXBvcnQiOiAiXjEuMC4wIg0KICAgICAgfSwNCiAgICAgICJlbmdpbmVzIjogew0KICAgICAgICAibm9kZSI6ICI+PTguMC4wIg0KICAgICAgfQ0KICAgIH0sDQogICAgIm5vZGVfbW9kdWxlcy9odHRwLXNlcnZlciI6IHsNCiAgICAgICJ2ZXJzaW9uIjogIjE0LjEuMSIsDQogICAgICAicmVzb2x2ZWQiOiAiaHR0cHM6Ly9yZWdpc3RyeS5ucG1qcy5vcmcvaHR0cC1zZXJ2ZXIvLS9odHRwLXNlcnZlci0xNC4xLjEudGd6IiwNCiAgICAgICJpbnRlZ3JpdHkiOiAic2hhNTEyLStjYnhhZEY0MFVYZDlUMDF6VUhnQStybG8yQmcxU3JlcjQrQjROd0lIZGFHeEFHR3Y1OW5ZUm5HR0RKOUxCazdhbHBTMFVTK0orYkxMZFFPT2tKcTRBPT0iLA0KICAgICAgImRldiI6IHRydWUsDQogICAgICAiZGVwZW5kZW5jaWVzIjogew0KICAgICAgICAiYmFzaWMtYXV0aCI6ICJeMi4wLjEiLA0KICAgICAgICAiY2hhbGsiOiAiXjQuMS4yIiwNCiAgICAgICAgImNvcnNlciI6ICJeMi4wLjEiLA0KICAgICAgICAiaGUiOiAiXjEuMi4wIiwNCiAgICAgICAgImh0bWwtZW5jb2Rpbmctc25pZmZlciI6ICJeMy4wLjAiLA0KICAgICAgICAiaHR0cC1wcm94eSI6ICJeMS4xOC4xIiwNCiAgICAgICAgIm1pbWUiOiAiXjEuNi4wIiwNCiAgICAgICAgIm1pbmltaXN0IjogIl4xLjIuNiIsDQogICAgICAgICJvcGVuZXIiOiAiXjEuNS4xIiwNCiAgICAgICAgInBvcnRmaW5kZXIiOiAiXjEuMC4yOCIsDQogICAgICAgICJzZWN1cmUtY29tcGFyZSI6ICIzLjAuMSIsDQogICAgICAgICJ1bmlvbiI6ICJ+MC41LjAiLA0KICAgICAgICAidXJsLWpvaW4iOiAiXjQuMC4xIg0KICAgICAgfSwNCiAgICAgICJiaW4iOiB7DQogICAgICAgICJodHRwLXNlcnZlciI6ICJiaW4vaHR0cC1zZXJ2ZXIiDQogICAgICB9LA0KICAgICAgImVuZ2luZXMiOiB7DQogICAgICAgICJub2RlIjogIj49MTIiDQogICAgICB9DQogICAgfSwNCiAgICAibm9kZV9tb2R1bGVzL2ljb252LWxpdGUiOiB7DQogICAgICAidmVyc2lvbiI6ICIwLjYuMyIsDQogICAgICAicmVzb2x2ZWQiOiAiaHR0cHM6Ly9yZWdpc3RyeS5ucG1qcy5vcmcvaWNvbnYtbGl0ZS8tL2ljb252LWxpdGUtMC42LjMudGd6IiwNCiAgICAgICJpbnRlZ3JpdHkiOiAic2hhNTEyLTRmQ2s3OXdzaE1kek1wMnJIMDZxV3JKRTRpb2xxTGhDVUgrT2l1SWdVKytSQjArOTRObERMODFhdE83R1g1NXVVS3VlbzB0eEhOdHZFeUk2RDdXZE13PT0iLA0KICAgICAgImRldiI6IHRydWUsDQogICAgICAiZGVwZW5kZW5jaWVzIjogew0KICAgICAgICAic2FmZXItYnVmZmVyIjogIj49IDIuMS4yIDwgMy4wLjAiDQogICAgICB9LA0KICAgICAgImVuZ2luZXMiOiB7DQogICAgICAgICJub2RlIjogIj49MC4xMC4wIg0KICAgICAgfQ0KICAgIH0sDQogICAgIm5vZGVfbW9kdWxlcy9tYXRoLWludHJpbnNpY3MiOiB7DQogICAgICAidmVyc2lvbiI6ICIxLjEuMCIsDQogICAgICAicmVzb2x2ZWQiOiAiaHR0cHM6Ly9yZWdpc3RyeS5ucG1qcy5vcmcvbWF0aC1pbnRyaW5zaWNzLy0vbWF0aC1pbnRyaW5zaWNzLTEuMS4wLnRneiIsDQogICAgICAiaW50ZWdyaXR5IjogInNoYTUxMi0vSVh0YndFazVIVFB5RXd5S1g2aEdrWVh4TTluYmo2NEIraWxWSm5DL1I2QjBwSDVHNFYzYjBwVmJMN0RCajR0a2hCQXBwYlFVbGY2RjZYbDlMSHUxZz09IiwNCiAgICAgICJkZXYiOiB0cnVlLA0KICAgICAgImVuZ2luZXMiOiB7DQogICAgICAgICJub2RlIjogIj49IDAuNCINCiAgICAgIH0NCiAgICB9LA0KICAgICJub2RlX21vZHVsZXMvbWltZSI6IHsNCiAgICAgICJ2ZXJzaW9uIjogIjEuNi4wIiwNCiAgICAgICJyZXNvbHZlZCI6ICJodHRwczovL3JlZ2lzdHJ5Lm5wbWpzLm9yZy9taW1lLy0vbWltZS0xLjYuMC50Z3oiLA0KICAgICAgImludGVncml0eSI6ICJzaGE1MTIteDBWbjhzcEkrd3VKMU82UzdnbmJhUWc4UHhoNE5OSGI3S1NJTm1FV0tpUEU0UktPcGx2aWpuK05rbVltbVJnUDY4bWM3MGoyRWJlVEZSc3Jzd2FRZWc9PSIsDQogICAgICAiZGV2IjogdHJ1ZSwNCiAgICAgICJiaW4iOiB7DQogICAgICAgICJtaW1lIjogImNsaS5qcyINCiAgICAgIH0sDQogICAgICAiZW5naW5lcyI6IHsNCiAgICAgICAgIm5vZGUiOiAiPj00Ig0KICAgICAgfQ0KICAgIH0sDQogICAgIm5vZGVfbW9kdWxlcy9taW5pbWlzdCI6IHsNCiAgICAgICJ2ZXJzaW9uIjogIjEuMi44IiwNCiAgICAgICJyZXNvbHZlZCI6ICJodHRwczovL3JlZ2lzdHJ5Lm5wbWpzLm9yZy9taW5pbWlzdC8tL21pbmltaXN0LTEuMi44LnRneiIsDQogICAgICAiaW50ZWdyaXR5IjogInNoYTUxMi0yeXlBUjhxQmtOM1l1aGVKYW5VcFdDNVUzYmI1b3NEeXdOQjhSekRWbER3REhib2NBSnZlcXFqMXU4K1NWRDdqa1dUNHl2c0hDcFdxcVdxQXhiMHpDQT09IiwNCiAgICAgICJkZXYiOiB0cnVlLA0KICAgICAgImZ1bmRpbmciOiB7DQogICAgICAgICJ1cmwiOiAiaHR0cHM6Ly9naXRodWIuY29tL3Nwb25zb3JzL2xqaGFyYiINCiAgICAgIH0NCiAgICB9LA0KICAgICJub2RlX21vZHVsZXMvbXMiOiB7DQogICAgICAidmVyc2lvbiI6ICIyLjEuMyIsDQogICAgICAicmVzb2x2ZWQiOiAiaHR0cHM6Ly9yZWdpc3RyeS5ucG1qcy5vcmcvbXMvLS9tcy0yLjEuMy50Z3oiLA0KICAgICAgImludGVncml0eSI6ICJzaGE1MTItNkZsenViVExaRzNKMmEvTlZDQWxlRWhqenE1b3hnSHlhQ1U5eVlYdmNMc3ZvVmFISnEvczV4WEk2L1hYUDZ0ejdSOXhBT3RIblNPL3RYdEYzV1JUbEE9PSIsDQogICAgICAiZGV2IjogdHJ1ZQ0KICAgIH0sDQogICAgIm5vZGVfbW9kdWxlcy9vYmplY3QtaW5zcGVjdCI6IHsNCiAgICAgICJ2ZXJzaW9uIjogIjEuMTMuNCIsDQogICAgICAicmVzb2x2ZWQiOiAiaHR0cHM6Ly9yZWdpc3RyeS5ucG1qcy5vcmcvb2JqZWN0LWluc3BlY3QvLS9vYmplY3QtaW5zcGVjdC0xLjEzLjQudGd6IiwNCiAgICAgICJpbnRlZ3JpdHkiOiAic2hhNTEyLVc2N2lMbDRKMkVYRUdUYmZlSENmZnJqRGZpdHZMQU5nMFVsWDN3RlVVU1R4OTJLWFJGZWdNSFVWZ1NxRSt3dmhBYmk0V3FqR2c5Y3p5c1RWMkVwYmV3PT0iLA0KICAgICAgImRldiI6IHRydWUsDQogICAgICAiZW5naW5lcyI6IHsNCiAgICAgICAgIm5vZGUiOiAiPj0gMC40Ig0KICAgICAgfSwNCiAgICAgICJmdW5kaW5nIjogew0KICAgICAgICAidXJsIjogImh0dHBzOi8vZ2l0aHViLmNvbS9zcG9uc29ycy9samhhcmIiDQogICAgICB9DQogICAgfSwNCiAgICAibm9kZV9tb2R1bGVzL29wZW5lciI6IHsNCiAgICAgICJ2ZXJzaW9uIjogIjEuNS4yIiwNCiAgICAgICJyZXNvbHZlZCI6ICJodHRwczovL3JlZ2lzdHJ5Lm5wbWpzLm9yZy9vcGVuZXIvLS9vcGVuZXItMS41LjIudGd6IiwNCiAgICAgICJpbnRlZ3JpdHkiOiAic2hhNTEyLXVyNVVJZHl3NVk3eUVqOXdMemhxWGl5NkdaM013eDB5R0krNXNNbjJyME4wdjNjS0p2VW1GSDV5UFArV1hoOWUweGZ5enlKWDk1RDhsMDg4RE5GajdBPT0iLA0KICAgICAgImRldiI6IHRydWUsDQogICAgICAiYmluIjogew0KICAgICAgICAib3BlbmVyIjogImJpbi9vcGVuZXItYmluLmpzIg0KICAgICAgfQ0KICAgIH0sDQogICAgIm5vZGVfbW9kdWxlcy9wb3J0ZmluZGVyIjogew0KICAgICAgInZlcnNpb24iOiAiMS4wLjM4IiwNCiAgICAgICJyZXNvbHZlZCI6ICJodHRwczovL3JlZ2lzdHJ5Lm5wbWpzLm9yZy9wb3J0ZmluZGVyLy0vcG9ydGZpbmRlci0xLjAuMzgudGd6IiwNCiAgICAgICJpbnRlZ3JpdHkiOiAic2hhNTEyLXJFd3EvWkhsSklLdysrWHRMQU84UFB1T1FBL3phUEpPWkozN0JWdU45N25McE1KZXVEVkxWR1J3YkZvQmdMdWRnZFRNUDJoZFJKUCsrSCs4UU9BM3ZnPT0iLA0KICAgICAgImRldiI6IHRydWUsDQogICAgICAiZGVwZW5kZW5jaWVzIjogew0KICAgICAgICAiYXN5bmMiOiAiXjMuMi42IiwNCiAgICAgICAgImRlYnVnIjogIl40LjMuNiINCiAgICAgIH0sDQogICAgICAiZW5naW5lcyI6IHsNCiAgICAgICAgIm5vZGUiOiAiPj0gMTAuMTIiDQogICAgICB9DQogICAgfSwNCiAgICAibm9kZV9tb2R1bGVzL3FzIjogew0KICAgICAgInZlcnNpb24iOiAiNi4xNC4wIiwNCiAgICAgICJyZXNvbHZlZCI6ICJodHRwczovL3JlZ2lzdHJ5Lm5wbWpzLm9yZy9xcy8tL3FzLTYuMTQuMC50Z3oiLA0KICAgICAgImludGVncml0eSI6ICJzaGE1MTItWVdXVGpnQUJTS2N2cy9uV0JpOVB5Y1kvSmlQSnFPRDRKQTZvOVNlajJBdHZTR2FyWHhLQzNPUVNrNHBBYXJiZFFsS0FoNUQ0RkNRa0pOa1crR0FuM3c9PSIsDQogICAgICAiZGV2IjogdHJ1ZSwNCiAgICAgICJkZXBlbmRlbmNpZXMiOiB7DQogICAgICAgICJzaWRlLWNoYW5uZWwiOiAiXjEuMS4wIg0KICAgICAgfSwNCiAgICAgICJlbmdpbmVzIjogew0KICAgICAgICAibm9kZSI6ICI+PTAuNiINCiAgICAgIH0sDQogICAgICAiZnVuZGluZyI6IHsNCiAgICAgICAgInVybCI6ICJodHRwczovL2dpdGh1Yi5jb20vc3BvbnNvcnMvbGpoYXJiIg0KICAgICAgfQ0KICAgIH0sDQogICAgIm5vZGVfbW9kdWxlcy9yZXF1aXJlcy1wb3J0Ijogew0KICAgICAgInZlcnNpb24iOiAiMS4wLjAiLA0KICAgICAgInJlc29sdmVkIjogImh0dHBzOi8vcmVnaXN0cnkubnBtanMub3JnL3JlcXVpcmVzLXBvcnQvLS9yZXF1aXJlcy1wb3J0LTEuMC4wLnRneiIsDQogICAgICAiaW50ZWdyaXR5IjogInNoYTUxMi1LaWdPQ0hjb2NVM1hPREp4c3U4aS9qOFQ5dHpUNGFkSGllY3dPUlJRMFpaRmNwN2Fod1h1UlUxbSt5dU85MEM1WlV5R2VHZm9jSERJMTRNM0wzeURBUT09IiwNCiAgICAgICJkZXYiOiB0cnVlDQogICAgfSwNCiAgICAibm9kZV9tb2R1bGVzL3NhZmUtYnVmZmVyIjogew0KICAgICAgInZlcnNpb24iOiAiNS4xLjIiLA0KICAgICAgInJlc29sdmVkIjogImh0dHBzOi8vcmVnaXN0cnkubnBtanMub3JnL3NhZmUtYnVmZmVyLy0vc2FmZS1idWZmZXItNS4xLjIudGd6IiwNCiAgICAgICJpbnRlZ3JpdHkiOiAic2hhNTEyLUdkMlVaQkpEa1hsWTdHYkp4ZnNFOC9udktrVUVVMUczOGMxc2lONlFQNmE5UFQ5TW1IQjhHbnBzY1NtTUpTb0Y4TE9JcnQ4dWQvd1B0b2p5czRHNitnPT0iLA0KICAgICAgImRldiI6IHRydWUNCiAgICB9LA0KICAgICJub2RlX21vZHVsZXMvc2FmZXItYnVmZmVyIjogew0KICAgICAgInZlcnNpb24iOiAiMi4xLjIiLA0KICAgICAgInJlc29sdmVkIjogImh0dHBzOi8vcmVnaXN0cnkubnBtanMub3JnL3NhZmVyLWJ1ZmZlci8tL3NhZmVyLWJ1ZmZlci0yLjEuMi50Z3oiLA0KICAgICAgImludGVncml0eSI6ICJzaGE1MTItWVpvM0s4MlNEN1JpeWkwRTFFUVBvakx6N2twZXBuU1FJOUl5UGJISGcxWFhYZXZiNWRKSTd0cHlOMkFEeEdjUWJIRzd2Y3lSSGswY2J3cWNRcmlVdGc9PSIsDQogICAgICAiZGV2IjogdHJ1ZQ0KICAgIH0sDQogICAgIm5vZGVfbW9kdWxlcy9zZWN1cmUtY29tcGFyZSI6IHsNCiAgICAgICJ2ZXJzaW9uIjogIjMuMC4xIiwNCiAgICAgICJyZXNvbHZlZCI6ICJodHRwczovL3JlZ2lzdHJ5Lm5wbWpzLm9yZy9zZWN1cmUtY29tcGFyZS8tL3NlY3VyZS1jb21wYXJlLTMuMC4xLnRneiIsDQogICAgICAiaW50ZWdyaXR5IjogInNoYTUxMi1BY2tJSVY5MHJQRGNCY2dsVXdYUEYza2cwUDBxbVBzUFhBajZCQkVFTlFFMXA1eUExeGZtREp6ZmkxVGFwcGozN1B2Mm1WYktwTDNaMVQrTm43azFRdz09IiwNCiAgICAgICJkZXYiOiB0cnVlDQogICAgfSwNCiAgICAibm9kZV9tb2R1bGVzL3NpZGUtY2hhbm5lbCI6IHsNCiAgICAgICJ2ZXJzaW9uIjogIjEuMS4wIiwNCiAgICAgICJyZXNvbHZlZCI6ICJodHRwczovL3JlZ2lzdHJ5Lm5wbWpzLm9yZy9zaWRlLWNoYW5uZWwvLS9zaWRlLWNoYW5uZWwtMS4xLjAudGd6IiwNCiAgICAgICJpbnRlZ3JpdHkiOiAic2hhNTEyLVpYOTllNnRSd2VvVVhxUitWQnJzbGhkYTUxTmg1TVRRd291NXRuVURnYnR5TTBkQmdtaEVEdFdHUC94YktuNmhxZlBSSHVqVU53ejVmeS93YmJobnB3PT0iLA0KICAgICAgImRldiI6IHRydWUsDQogICAgICAiZGVwZW5kZW5jaWVzIjogew0KICAgICAgICAiZXMtZXJyb3JzIjogIl4xLjMuMCIsDQogICAgICAgICJvYmplY3QtaW5zcGVjdCI6ICJeMS4xMy4zIiwNCiAgICAgICAgInNpZGUtY2hhbm5lbC1saXN0IjogIl4xLjAuMCIsDQogICAgICAgICJzaWRlLWNoYW5uZWwtbWFwIjogIl4xLjAuMSIsDQogICAgICAgICJzaWRlLWNoYW5uZWwtd2Vha21hcCI6ICJeMS4wLjIiDQogICAgICB9LA0KICAgICAgImVuZ2luZXMiOiB7DQogICAgICAgICJub2RlIjogIj49IDAuNCINCiAgICAgIH0sDQogICAgICAiZnVuZGluZyI6IHsNCiAgICAgICAgInVybCI6ICJodHRwczovL2dpdGh1Yi5jb20vc3BvbnNvcnMvbGpoYXJiIg0KICAgICAgfQ0KICAgIH0sDQogICAgIm5vZGVfbW9kdWxlcy9zaWRlLWNoYW5uZWwtbGlzdCI6IHsNCiAgICAgICJ2ZXJzaW9uIjogIjEuMC4wIiwNCiAgICAgICJyZXNvbHZlZCI6ICJodHRwczovL3JlZ2lzdHJ5Lm5wbWpzLm9yZy9zaWRlLWNoYW5uZWwtbGlzdC8tL3NpZGUtY2hhbm5lbC1saXN0LTEuMC4wLnRneiIsDQogICAgICAiaW50ZWdyaXR5IjogInNoYTUxMi1GQ0xIdFJEL2ducENpQ0hFaUpMT3dkbUZQK3d6Q21ERWtjOXk3TnNZeGVGNHU3QnRzbjFadXdnd0pHeEltSW1IaWNKQXJMUDRSMHlYNGMyS0NyTXJUQT09IiwNCiAgICAgICJkZXYiOiB0cnVlLA0KICAgICAgImRlcGVuZGVuY2llcyI6IHsNCiAgICAgICAgImVzLWVycm9ycyI6ICJeMS4zLjAiLA0KICAgICAgICAib2JqZWN0LWluc3BlY3QiOiAiXjEuMTMuMyINCiAgICAgIH0sDQogICAgICAiZW5naW5lcyI6IHsNCiAgICAgICAgIm5vZGUiOiAiPj0gMC40Ig0KICAgICAgfSwNCiAgICAgICJmdW5kaW5nIjogew0KICAgICAgICAidXJsIjogImh0dHBzOi8vZ2l0aHViLmNvbS9zcG9uc29ycy9samhhcmIiDQogICAgICB9DQogICAgfSwNCiAgICAibm9kZV9tb2R1bGVzL3NpZGUtY2hhbm5lbC1tYXAiOiB7DQogICAgICAidmVyc2lvbiI6ICIxLjAuMSIsDQogICAgICAicmVzb2x2ZWQiOiAiaHR0cHM6Ly9yZWdpc3RyeS5ucG1qcy5vcmcvc2lkZS1jaGFubmVsLW1hcC8tL3NpZGUtY2hhbm5lbC1tYXAtMS4wLjEudGd6IiwNCiAgICAgICJpbnRlZ3JpdHkiOiAic2hhNTEyLVZDakNOZmdNc2J5M3RUZG8wMm5ianRNL2V3cmE2alBIbXBUaGVua1RZaDhwRzl1Y1ovMVA4U280dTRGR0Jlay9CanBPVnNEQ01vTEEvaXVCS0lGWFJBPT0iLA0KICAgICAgImRldiI6IHRydWUsDQogICAgICAiZGVwZW5kZW5jaWVzIjogew0KICAgICAgICAiY2FsbC1ib3VuZCI6ICJeMS4wLjIiLA0KICAgICAgICAiZXMtZXJyb3JzIjogIl4xLjMuMCIsDQogICAgICAgICJnZXQtaW50cmluc2ljIjogIl4xLjIuNSIsDQogICAgICAgICJvYmplY3QtaW5zcGVjdCI6ICJeMS4xMy4zIg0KICAgICAgfSwNCiAgICAgICJlbmdpbmVzIjogew0KICAgICAgICAibm9kZSI6ICI+PSAwLjQiDQogICAgICB9LA0KICAgICAgImZ1bmRpbmciOiB7DQogICAgICAgICJ1cmwiOiAiaHR0cHM6Ly9naXRodWIuY29tL3Nwb25zb3JzL2xqaGFyYiINCiAgICAgIH0NCiAgICB9LA0KICAgICJub2RlX21vZHVsZXMvc2lkZS1jaGFubmVsLXdlYWttYXAiOiB7DQogICAgICAidmVyc2lvbiI6ICIxLjAuMiIsDQogICAgICAicmVzb2x2ZWQiOiAiaHR0cHM6Ly9yZWdpc3RyeS5ucG1qcy5vcmcvc2lkZS1jaGFubmVsLXdlYWttYXAvLS9zaWRlLWNoYW5uZWwtd2Vha21hcC0xLjAuMi50Z3oiLA0KICAgICAgImludGVncml0eSI6ICJzaGE1MTItV1BTL0h2SFFUWW5IaXNMbzlNY3FCSE9KazJGa0hPL3RscHZsZHlybmVtNGFlUXA0aGFpM2d5dGhzd2c2cDAxb1NvVGw1OHJjcGlGQWpGMmJyMkFrMkE9PSIsDQogICAgICAiZGV2IjogdHJ1ZSwNCiAgICAgICJkZXBlbmRlbmNpZXMiOiB7DQogICAgICAgICJjYWxsLWJvdW5kIjogIl4xLjAuMiIsDQogICAgICAgICJlcy1lcnJvcnMiOiAiXjEuMy4wIiwNCiAgICAgICAgImdldC1pbnRyaW5zaWMiOiAiXjEuMi41IiwNCiAgICAgICAgIm9iamVjdC1pbnNwZWN0IjogIl4xLjEzLjMiLA0KICAgICAgICAic2lkZS1jaGFubmVsLW1hcCI6ICJeMS4wLjEiDQogICAgICB9LA0KICAgICAgImVuZ2luZXMiOiB7DQogICAgICAgICJub2RlIjogIj49IDAuNCINCiAgICAgIH0sDQogICAgICAiZnVuZGluZyI6IHsNCiAgICAgICAgInVybCI6ICJodHRwczovL2dpdGh1Yi5jb20vc3BvbnNvcnMvbGpoYXJiIg0KICAgICAgfQ0KICAgIH0sDQogICAgIm5vZGVfbW9kdWxlcy9zdXBwb3J0cy1jb2xvciI6IHsNCiAgICAgICJ2ZXJzaW9uIjogIjcuMi4wIiwNCiAgICAgICJyZXNvbHZlZCI6ICJodHRwczovL3JlZ2lzdHJ5Lm5wbWpzLm9yZy9zdXBwb3J0cy1jb2xvci8tL3N1cHBvcnRzLWNvbG9yLTcuMi4wLnRneiIsDQogICAgICAiaW50ZWdyaXR5IjogInNoYTUxMi1xcENBdlJsOXN0dU9IdmVLc243SG5jSlJ2djUwMXFJYWNLelFsTy8rTHd4YzkrMHEyd0x5djREZnZ0ODAvRFBuMnBxT0JzSmREaW9nWEdSOStPdndSdz09IiwNCiAgICAgICJkZXYiOiB0cnVlLA0KICAgICAgImRlcGVuZGVuY2llcyI6IHsNCiAgICAgICAgImhhcy1mbGFnIjogIl40LjAuMCINCiAgICAgIH0sDQogICAgICAiZW5naW5lcyI6IHsNCiAgICAgICAgIm5vZGUiOiAiPj04Ig0KICAgICAgfQ0KICAgIH0sDQogICAgIm5vZGVfbW9kdWxlcy91bmlvbiI6IHsNCiAgICAgICJ2ZXJzaW9uIjogIjAuNS4wIiwNCiAgICAgICJyZXNvbHZlZCI6ICJodHRwczovL3JlZ2lzdHJ5Lm5wbWpzLm9yZy91bmlvbi8tL3VuaW9uLTAuNS4wLnRneiIsDQogICAgICAiaW50ZWdyaXR5IjogInNoYTUxMi1ONnVPaHVXNnpPOTVQM01lbDJJMnpNc2JzYW52dnRnbjZqVnFKdjR2YlZjei9KTjBPa0w5c3VvbWpRR21XdHhKUVhPQ3FVSnZxdWMxc01lTnovSXdsQT09IiwNCiAgICAgICJkZXYiOiB0cnVlLA0KICAgICAgImRlcGVuZGVuY2llcyI6IHsNCiAgICAgICAgInFzIjogIl42LjQuMCINCiAgICAgIH0sDQogICAgICAiZW5naW5lcyI6IHsNCiAgICAgICAgIm5vZGUiOiAiPj0gMC44LjAiDQogICAgICB9DQogICAgfSwNCiAgICAibm9kZV9tb2R1bGVzL3VybC1qb2luIjogew0KICAgICAgInZlcnNpb24iOiAiNC4wLjEiLA0KICAgICAgInJlc29sdmVkIjogImh0dHBzOi8vcmVnaXN0cnkubnBtanMub3JnL3VybC1qb2luLy0vdXJsLWpvaW4tNC4wLjEudGd6IiwNCiAgICAgICJpbnRlZ3JpdHkiOiAic2hhNTEyLWprMStRUDZaSnF5T2l1RUk5QUVXUWZqdS9uQjJQdzQ2NmtiQTBMRVpsakh3S2VNZ2Q5V3JBRWdFR3hqUEREMitUTmJiYjM3clR5aEVmckNYZnVLWG5BPT0iLA0KICAgICAgImRldiI6IHRydWUNCiAgICB9LA0KICAgICJub2RlX21vZHVsZXMvd2hhdHdnLWVuY29kaW5nIjogew0KICAgICAgInZlcnNpb24iOiAiMi4wLjAiLA0KICAgICAgInJlc29sdmVkIjogImh0dHBzOi8vcmVnaXN0cnkubnBtanMub3JnL3doYXR3Zy1lbmNvZGluZy8tL3doYXR3Zy1lbmNvZGluZy0yLjAuMC50Z3oiLA0KICAgICAgImludGVncml0eSI6ICJzaGE1MTItcDQxb2d5ZU1VcnczaldjbEhXVFFnMWswNURTVlhQTGNWeFJUWXNYVWsrWm9vT0NaTGNvWWdQWi9ITC9EL04rdVFQT3RjcDFtZTFXaEJFYVgwMm1oV2c9PSIsDQogICAgICAiZGV2IjogdHJ1ZSwNCiAgICAgICJkZXBlbmRlbmNpZXMiOiB7DQogICAgICAgICJpY29udi1saXRlIjogIjAuNi4zIg0KICAgICAgfSwNCiAgICAgICJlbmdpbmVzIjogew0KICAgICAgICAibm9kZSI6ICI+PTEyIg0KICAgICAgfQ0KICAgIH0NCiAgfQ0KfQ0K"}